
Microsoft Visual Studio Solution File, Format Version 12.00
# Visual Studio 14
VisualStudioVersion = 14.0.25420.1
MinimumVisualStudioVersion = 10.0.40219.1
Project("{2150E333-8FDC-42A3-9474-1A3956D46DE8}") = "src", "src", "{7E39FECF-C148-4AF3-8AC2-E108664E755C}"
EndProject
Project("{2150E333-8FDC-42A3-9474-1A3956D46DE8}") = "Solution Items", "Solution Items", "{5C27B33C-B61E-4CBD-A03C-A7596DABB5B2}"
	ProjectSection(SolutionItems) = preProject
		global.json = global.json
	EndProjectSection
EndProject
Project("{8BB2217D-0F2D-49D1-97BC-3654ED321F3B}") = "TmaIotboxAdapter", "src\TmaIotboxAdapter\TmaIotboxAdapter.xproj", "{B53E37CA-C847-4D9F-8CE2-C99F7A21C8E7}"
EndProject
Global
	GlobalSection(SolutionConfigurationPlatforms) = preSolution
		Debug|Any CPU = Debug|Any CPU
		Release|Any CPU = Release|Any CPU
	EndGlobalSection
	GlobalSection(ProjectConfigurationPlatforms) = postSolution
		{B53E37CA-C847-4D9F-8CE2-C99F7A21C8E7}.Debug|Any CPU.ActiveCfg = Debug|Any CPU
		{B53E37CA-C847-4D9F-8CE2-C99F7A21C8E7}.Debug|Any CPU.Build.0 = Debug|Any CPU
		{B53E37CA-C847-4D9F-8CE2-C99F7A21C8E7}.Release|Any CPU.ActiveCfg = Release|Any CPU
		{B53E37CA-C847-4D9F-8CE2-C99F7A21C8E7}.Release|Any CPU.Build.0 = Release|Any CPU
	EndGlobalSection
	GlobalSection(SolutionProperties) = preSolution
		HideSolutionNode = FALSE
	EndGlobalSection
	GlobalSection(NestedProjects) = preSolution
		{B53E37CA-C847-4D9F-8CE2-C99F7A21C8E7} = {7E39FECF-C148-4AF3-8AC2-E108664E755C}
	EndGlobalSection
EndGlobal
